// !$*UTF8*$!
{
	archiveVersion = 1;
	classes = {
	};
	objectVersion = 50;
	objects = {

/* Begin PBXBuildFile section */
		331F6908229126AC003542D6 /* Storable.swift in Sources */ = {isa = PBXBuildFile; fileRef = 331F6907229126AC003542D6 /* Storable.swift */; };
		336FAA14237A0659003E2ECF /* ObjectDetails.swift in Sources */ = {isa = PBXBuildFile; fileRef = 336FAA12237A0658003E2ECF /* ObjectDetails.swift */; };
		336FAA1D237A0686003E2ECF /* EditableDetailTextCell.swift in Sources */ = {isa = PBXBuildFile; fileRef = 336FAA18237A0686003E2ECF /* EditableDetailTextCell.swift */; };
		336FAA1E237A0686003E2ECF /* EditDetailWithSliderCell.swift in Sources */ = {isa = PBXBuildFile; fileRef = 336FAA19237A0686003E2ECF /* EditDetailWithSliderCell.swift */; };
		336FAA1F237A0686003E2ECF /* ImageDetailCell.swift in Sources */ = {isa = PBXBuildFile; fileRef = 336FAA1A237A0686003E2ECF /* ImageDetailCell.swift */; };
		336FAA23237A75C3003E2ECF /* ImagePickerController.swift in Sources */ = {isa = PBXBuildFile; fileRef = 336FAA22237A75C3003E2ECF /* ImagePickerController.swift */; };
		336FAA27237A7BA9003E2ECF /* DetailsViewController.swift in Sources */ = {isa = PBXBuildFile; fileRef = 336FAA26237A7BA9003E2ECF /* DetailsViewController.swift */; };
		338DBF7C21E5DBB2006F5BA1 /* RegEx.swift in Sources */ = {isa = PBXBuildFile; fileRef = 338DBF7B21E5DBB2006F5BA1 /* RegEx.swift */; };
		338DBF7F21E6CCC5006F5BA1 /* Volume.swift in Sources */ = {isa = PBXBuildFile; fileRef = 338DBF7E21E6CCC5006F5BA1 /* Volume.swift */; };
		338DBF8721E83751006F5BA1 /* IdedObj.swift in Sources */ = {isa = PBXBuildFile; fileRef = 338DBF8621E83751006F5BA1 /* IdedObj.swift */; };
		338DBF8A21E83A7D006F5BA1 /* IdedObjManager.swift in Sources */ = {isa = PBXBuildFile; fileRef = 338DBF8921E83A7D006F5BA1 /* IdedObjManager.swift */; };
		338DBF8C21E983DE006F5BA1 /* IdGenerator.swift in Sources */ = {isa = PBXBuildFile; fileRef = 338DBF8B21E983DE006F5BA1 /* IdGenerator.swift */; };
		338E48ED22728317007FF826 /* LocationListViewController.swift in Sources */ = {isa = PBXBuildFile; fileRef = 338E48EC22728317007FF826 /* LocationListViewController.swift */; };
		338E48EF22728334007FF826 /* LocationDetailsViewController.swift in Sources */ = {isa = PBXBuildFile; fileRef = 338E48EE22728334007FF826 /* LocationDetailsViewController.swift */; };
		338E48F222728534007FF826 /* EditLocDetailTextCell.swift in Sources */ = {isa = PBXBuildFile; fileRef = 338E48F122728534007FF826 /* EditLocDetailTextCell.swift */; };
		338E48F42272858D007FF826 /* EditLocDetailWithSliderCell.swift in Sources */ = {isa = PBXBuildFile; fileRef = 338E48F32272858D007FF826 /* EditLocDetailWithSliderCell.swift */; };
		338E48F6227285E3007FF826 /* EditLocDetailWithSwitchCell.swift in Sources */ = {isa = PBXBuildFile; fileRef = 338E48F5227285E3007FF826 /* EditLocDetailWithSwitchCell.swift */; };
		338E48FC22783310007FF826 /* LocationDetail.swift in Sources */ = {isa = PBXBuildFile; fileRef = 338E48FB22783310007FF826 /* LocationDetail.swift */; };
		338E4900227BAFD5007FF826 /* UIImage.swift in Sources */ = {isa = PBXBuildFile; fileRef = 338E48FF227BAFD5007FF826 /* UIImage.swift */; };
		338E4903227C0A29007FF826 /* InOrOut.swift in Sources */ = {isa = PBXBuildFile; fileRef = 338E4902227C0A29007FF826 /* InOrOut.swift */; };
		338E4905227C0ABB007FF826 /* LightExposure.swift in Sources */ = {isa = PBXBuildFile; fileRef = 338E4904227C0ABB007FF826 /* LightExposure.swift */; };
		338E4907227C0B00007FF826 /* Conditions.swift in Sources */ = {isa = PBXBuildFile; fileRef = 338E4906227C0B00007FF826 /* Conditions.swift */; };
		338E4909227C0E52007FF826 /* Rain.swift in Sources */ = {isa = PBXBuildFile; fileRef = 338E4908227C0E52007FF826 /* Rain.swift */; };
		338E490B227C0E88007FF826 /* Humidity.swift in Sources */ = {isa = PBXBuildFile; fileRef = 338E490A227C0E88007FF826 /* Humidity.swift */; };
		338E490D227C0F27007FF826 /* Wind.swift in Sources */ = {isa = PBXBuildFile; fileRef = 338E490C227C0F27007FF826 /* Wind.swift */; };
		338E491222800CC2007FF826 /* UISlider.swift in Sources */ = {isa = PBXBuildFile; fileRef = 338E491122800CC2007FF826 /* UISlider.swift */; };
		338E491422814097007FF826 /* LocDetailWithLabelCell.swift in Sources */ = {isa = PBXBuildFile; fileRef = 338E491322814097007FF826 /* LocDetailWithLabelCell.swift */; };
		338E49162287F6C8007FF826 /* LocationListPopoverViewController.swift in Sources */ = {isa = PBXBuildFile; fileRef = 338E49152287F6C8007FF826 /* LocationListPopoverViewController.swift */; };
		338E4918228814A0007FF826 /* AlwaysPresentAsPopover.swift in Sources */ = {isa = PBXBuildFile; fileRef = 338E4917228814A0007FF826 /* AlwaysPresentAsPopover.swift */; };
		33900D062295173F00E653D1 /* StorableConditions.swift in Sources */ = {isa = PBXBuildFile; fileRef = 33900D052295173F00E653D1 /* StorableConditions.swift */; };
		33900D08229517A500E653D1 /* StorableAction.swift in Sources */ = {isa = PBXBuildFile; fileRef = 33900D07229517A500E653D1 /* StorableAction.swift */; };
		33900D0A2295244A00E653D1 /* AnnualConditions.swift in Sources */ = {isa = PBXBuildFile; fileRef = 33900D092295244A00E653D1 /* AnnualConditions.swift */; };
		33900D0C2295247A00E653D1 /* SeasonalConditions.swift in Sources */ = {isa = PBXBuildFile; fileRef = 33900D0B2295247A00E653D1 /* SeasonalConditions.swift */; };
		33900D0E22952EC600E653D1 /* UnknownLocation.swift in Sources */ = {isa = PBXBuildFile; fileRef = 33900D0D22952EC600E653D1 /* UnknownLocation.swift */; };
		33900D102296246F00E653D1 /* Defaults.swift in Sources */ = {isa = PBXBuildFile; fileRef = 33900D0F2296246F00E653D1 /* Defaults.swift */; };
		33900D12229678E400E653D1 /* CareType.swift in Sources */ = {isa = PBXBuildFile; fileRef = 33900D11229678E400E653D1 /* CareType.swift */; };
		33900D162298919C00E653D1 /* ConditionsType.swift in Sources */ = {isa = PBXBuildFile; fileRef = 33900D152298919C00E653D1 /* ConditionsType.swift */; };
		33900D1822991EA300E653D1 /* TimeType.swift in Sources */ = {isa = PBXBuildFile; fileRef = 33900D1722991EA300E653D1 /* TimeType.swift */; };
		33900D1A229922F800E653D1 /* StorableTime.swift in Sources */ = {isa = PBXBuildFile; fileRef = 33900D19229922F800E653D1 /* StorableTime.swift */; };
		33AC0CE021CC7FE900F52D55 /* CareActions.swift in Sources */ = {isa = PBXBuildFile; fileRef = 33AC0CDF21CC7FE900F52D55 /* CareActions.swift */; };
		33AC0CE221CC80A500F52D55 /* Quantity.swift in Sources */ = {isa = PBXBuildFile; fileRef = 33AC0CE121CC80A500F52D55 /* Quantity.swift */; };
		33AC0CE421CC820B00F52D55 /* Action.swift in Sources */ = {isa = PBXBuildFile; fileRef = 33AC0CE321CC820B00F52D55 /* Action.swift */; };
		33AC0CE721CC827400F52D55 /* Water.swift in Sources */ = {isa = PBXBuildFile; fileRef = 33AC0CE621CC827400F52D55 /* Water.swift */; };
		33AC0CE921CC82C300F52D55 /* Fertilize.swift in Sources */ = {isa = PBXBuildFile; fileRef = 33AC0CE821CC82C300F52D55 /* Fertilize.swift */; };
		33AC0CEB21CC82E600F52D55 /* Light.swift in Sources */ = {isa = PBXBuildFile; fileRef = 33AC0CEA21CC82E600F52D55 /* Light.swift */; };
		33AC0CED21CC832B00F52D55 /* ActionFrequency.swift in Sources */ = {isa = PBXBuildFile; fileRef = 33AC0CEC21CC832B00F52D55 /* ActionFrequency.swift */; };
		33AC0CEF21CC836300F52D55 /* Timetable.swift in Sources */ = {isa = PBXBuildFile; fileRef = 33AC0CEE21CC836300F52D55 /* Timetable.swift */; };
		33AC0CF121CC839600F52D55 /* SeasonalSchedule.swift in Sources */ = {isa = PBXBuildFile; fileRef = 33AC0CF021CC839600F52D55 /* SeasonalSchedule.swift */; };
		33AC0CF321CC855D00F52D55 /* CareDetail.swift in Sources */ = {isa = PBXBuildFile; fileRef = 33AC0CF221CC855D00F52D55 /* CareDetail.swift */; };
		33AC0CF721CE18FB00F52D55 /* Season.swift in Sources */ = {isa = PBXBuildFile; fileRef = 33AC0CF621CE18FB00F52D55 /* Season.swift */; };
		33AC0CFC21D321E300F52D55 /* Plant.Manager.swift in Sources */ = {isa = PBXBuildFile; fileRef = 33AC0CFB21D321E300F52D55 /* Plant.Manager.swift */; };
		33AC0CFE21D3223300F52D55 /* Location.Manager.swift in Sources */ = {isa = PBXBuildFile; fileRef = 33AC0CFD21D3223300F52D55 /* Location.Manager.swift */; };
		33AC0D0121D3282A00F52D55 /* Season.Manager.swift in Sources */ = {isa = PBXBuildFile; fileRef = 33AC0D0021D3282A00F52D55 /* Season.Manager.swift */; };
		33C1A11A2193AD48003003F5 /* AppDelegate.swift in Sources */ = {isa = PBXBuildFile; fileRef = 33C1A1192193AD48003003F5 /* AppDelegate.swift */; };
		33C1A1212193AD48003003F5 /* Main.storyboard in Resources */ = {isa = PBXBuildFile; fileRef = 33C1A11F2193AD48003003F5 /* Main.storyboard */; };
		33C1A1232193AD4B003003F5 /* Assets.xcassets in Resources */ = {isa = PBXBuildFile; fileRef = 33C1A1222193AD4B003003F5 /* Assets.xcassets */; };
		33C1A1262193AD4B003003F5 /* LaunchScreen.storyboard in Resources */ = {isa = PBXBuildFile; fileRef = 33C1A1242193AD4B003003F5 /* LaunchScreen.storyboard */; };
		33C1A1312193AD4B003003F5 /* GreenThumbTests.swift in Sources */ = {isa = PBXBuildFile; fileRef = 33C1A1302193AD4B003003F5 /* GreenThumbTests.swift */; };
		33C1A13C2193AD4B003003F5 /* GreenThumbUITests.swift in Sources */ = {isa = PBXBuildFile; fileRef = 33C1A13B2193AD4B003003F5 /* GreenThumbUITests.swift */; };
		33C1A14C2193BE28003003F5 /* PlantDetailsViewController.swift in Sources */ = {isa = PBXBuildFile; fileRef = 33C1A14B2193BE28003003F5 /* PlantDetailsViewController.swift */; };
		33C1A14E2193BE3A003003F5 /* CareDetailsViewController.swift in Sources */ = {isa = PBXBuildFile; fileRef = 33C1A14D2193BE3A003003F5 /* CareDetailsViewController.swift */; };
		33C1A1532193C230003003F5 /* Storage.swift in Sources */ = {isa = PBXBuildFile; fileRef = 33C1A1522193C230003003F5 /* Storage.swift */; };
		33C1A1552193C267003003F5 /* DiskStorage.swift in Sources */ = {isa = PBXBuildFile; fileRef = 33C1A1542193C267003003F5 /* DiskStorage.swift */; };
		33C1A158219411B2003003F5 /* Plant.swift in Sources */ = {isa = PBXBuildFile; fileRef = 33C1A157219411B2003003F5 /* Plant.swift */; };
		33C1A15A219411CD003003F5 /* Location.swift in Sources */ = {isa = PBXBuildFile; fileRef = 33C1A159219411CC003003F5 /* Location.swift */; };
		33C1A1672199419C003003F5 /* String.swift in Sources */ = {isa = PBXBuildFile; fileRef = 33C1A1662199419C003003F5 /* String.swift */; };
		33C1A16F2199509B003003F5 /* GenericError.swift in Sources */ = {isa = PBXBuildFile; fileRef = 33C1A16E2199509B003003F5 /* GenericError.swift */; };
		33C1A17121995229003003F5 /* PlantsListViewController.swift in Sources */ = {isa = PBXBuildFile; fileRef = 33C1A17021995229003003F5 /* PlantsListViewController.swift */; };
		33C1A17A21995B0C003003F5 /* TextType.swift in Sources */ = {isa = PBXBuildFile; fileRef = 33C1A17921995B0C003003F5 /* TextType.swift */; };
		33C1A17D219AB501003003F5 /* Output.swift in Sources */ = {isa = PBXBuildFile; fileRef = 33C1A17C219AB501003003F5 /* Output.swift */; };
		33C1A17F219AB52F003003F5 /* OutputTypeList.swift in Sources */ = {isa = PBXBuildFile; fileRef = 33C1A17E219AB52F003003F5 /* OutputTypeList.swift */; };
		33C1A181219AB573003003F5 /* Log.swift in Sources */ = {isa = PBXBuildFile; fileRef = 33C1A180219AB573003003F5 /* Log.swift */; };
		33C1A183219AB59F003003F5 /* MessageWindow.swift in Sources */ = {isa = PBXBuildFile; fileRef = 33C1A182219AB59F003003F5 /* MessageWindow.swift */; };
		33C1A187219FBAE7003003F5 /* PlantDetail.swift in Sources */ = {isa = PBXBuildFile; fileRef = 33C1A186219FBAE7003003F5 /* PlantDetail.swift */; };
		33C1A18C21C8CECB003003F5 /* CareInstructions.swift in Sources */ = {isa = PBXBuildFile; fileRef = 33C1A18B21C8CECB003003F5 /* CareInstructions.swift */; };
		33C1A19021C8CF76003003F5 /* Time.swift in Sources */ = {isa = PBXBuildFile; fileRef = 33C1A18F21C8CF76003003F5 /* Time.swift */; };
		33C1A19221C8E240003003F5 /* Anytime.swift in Sources */ = {isa = PBXBuildFile; fileRef = 33C1A19121C8E240003003F5 /* Anytime.swift */; };
		33C1A19421C8E277003003F5 /* Date.swift in Sources */ = {isa = PBXBuildFile; fileRef = 33C1A19321C8E277003003F5 /* Date.swift */; };
		33C1A19621C8E2E3003003F5 /* TimeOfDay.swift in Sources */ = {isa = PBXBuildFile; fileRef = 33C1A19521C8E2E3003003F5 /* TimeOfDay.swift */; };
		33C1A19821C8E39D003003F5 /* TimeOfYear.swift in Sources */ = {isa = PBXBuildFile; fileRef = 33C1A19721C8E39D003003F5 /* TimeOfYear.swift */; };
		33C1A19A21C8E3F3003003F5 /* TimeWindow.swift in Sources */ = {isa = PBXBuildFile; fileRef = 33C1A19921C8E3F3003003F5 /* TimeWindow.swift */; };
		33C1A19C21C8E622003003F5 /* TimeUnit.swift in Sources */ = {isa = PBXBuildFile; fileRef = 33C1A19B21C8E622003003F5 /* TimeUnit.swift */; };
		33C1A1A221CB8109003003F5 /* CareViewController.swift in Sources */ = {isa = PBXBuildFile; fileRef = 33C1A1A121CB8109003003F5 /* CareViewController.swift */; };
		33F67322237E522000F55861 /* DetailsTableController.swift in Sources */ = {isa = PBXBuildFile; fileRef = 33F67321237E522000F55861 /* DetailsTableController.swift */; };
		33F67326237E531600F55861 /* DetailTextFieldDelegate.swift in Sources */ = {isa = PBXBuildFile; fileRef = 33F67325237E531600F55861 /* DetailTextFieldDelegate.swift */; };
		33F67328237E6CEC00F55861 /* KeyboardHandler.swift in Sources */ = {isa = PBXBuildFile; fileRef = 33F67327237E6CEC00F55861 /* KeyboardHandler.swift */; };
		33F673312380ABB200F55861 /* EditableDetailTextCell.xib in Resources */ = {isa = PBXBuildFile; fileRef = 33F673302380ABB200F55861 /* EditableDetailTextCell.xib */; };
		33F673332380C31200F55861 /* ImageDetailCell.xib in Resources */ = {isa = PBXBuildFile; fileRef = 33F673322380C31200F55861 /* ImageDetailCell.xib */; };
		33F6733623835C4900F55861 /* ReuseId.swift in Sources */ = {isa = PBXBuildFile; fileRef = 33F6733523835C4900F55861 /* ReuseId.swift */; };
		33F6733D2383676700F55861 /* PlantListCell.swift in Sources */ = {isa = PBXBuildFile; fileRef = 33F6733C2383676700F55861 /* PlantListCell.swift */; };
		33F6733F2383810B00F55861 /* ColorConstants.swift in Sources */ = {isa = PBXBuildFile; fileRef = 33F6733E2383810B00F55861 /* ColorConstants.swift */; };
		33F673412383819C00F55861 /* FontConstants.swift in Sources */ = {isa = PBXBuildFile; fileRef = 33F673402383819C00F55861 /* FontConstants.swift */; };
		33F67343238382FC00F55861 /* DetailsConstants.swift in Sources */ = {isa = PBXBuildFile; fileRef = 33F67342238382FC00F55861 /* DetailsConstants.swift */; };
/* End PBXBuildFile section */

/* Begin PBXContainerItemProxy section */
		33C1A12D2193AD4B003003F5 /* PBXContainerItemProxy */ = {
			isa = PBXContainerItemProxy;
			containerPortal = 33C1A10E2193AD48003003F5 /* Project object */;
			proxyType = 1;
			remoteGlobalIDString = 33C1A1152193AD48003003F5;
			remoteInfo = GreenThumb;
		};
		33C1A1382193AD4B003003F5 /* PBXContainerItemProxy */ = {
			isa = PBXContainerItemProxy;
			containerPortal = 33C1A10E2193AD48003003F5 /* Project object */;
			proxyType = 1;
			remoteGlobalIDString = 33C1A1152193AD48003003F5;
			remoteInfo = GreenThumb;
		};
/* End PBXContainerItemProxy section */

/* Begin PBXFileReference section */
		331F6907229126AC003542D6 /* Storable.swift */ = {isa = PBXFileReference; lastKnownFileType = sourcecode.swift; path = Storable.swift; sourceTree = "<group>"; };
		336FAA12237A0658003E2ECF /* ObjectDetails.swift */ = {isa = PBXFileReference; fileEncoding = 4; lastKnownFileType = sourcecode.swift; path = ObjectDetails.swift; sourceTree = "<group>"; };
		336FAA18237A0686003E2ECF /* EditableDetailTextCell.swift */ = {isa = PBXFileReference; fileEncoding = 4; lastKnownFileType = sourcecode.swift; path = EditableDetailTextCell.swift; sourceTree = "<group>"; };
		336FAA19237A0686003E2ECF /* EditDetailWithSliderCell.swift */ = {isa = PBXFileReference; fileEncoding = 4; lastKnownFileType = sourcecode.swift; path = EditDetailWithSliderCell.swift; sourceTree = "<group>"; };
		336FAA1A237A0686003E2ECF /* ImageDetailCell.swift */ = {isa = PBXFileReference; fileEncoding = 4; lastKnownFileType = sourcecode.swift; path = ImageDetailCell.swift; sourceTree = "<group>"; };
		336FAA22237A75C3003E2ECF /* ImagePickerController.swift */ = {isa = PBXFileReference; lastKnownFileType = sourcecode.swift; path = ImagePickerController.swift; sourceTree = "<group>"; };
		336FAA26237A7BA9003E2ECF /* DetailsViewController.swift */ = {isa = PBXFileReference; lastKnownFileType = sourcecode.swift; path = DetailsViewController.swift; sourceTree = "<group>"; };
		338DBF7B21E5DBB2006F5BA1 /* RegEx.swift */ = {isa = PBXFileReference; lastKnownFileType = sourcecode.swift; path = RegEx.swift; sourceTree = "<group>"; };
		338DBF7E21E6CCC5006F5BA1 /* Volume.swift */ = {isa = PBXFileReference; lastKnownFileType = sourcecode.swift; path = Volume.swift; sourceTree = "<group>"; };
		338DBF8621E83751006F5BA1 /* IdedObj.swift */ = {isa = PBXFileReference; lastKnownFileType = sourcecode.swift; path = IdedObj.swift; sourceTree = "<group>"; };
		338DBF8921E83A7D006F5BA1 /* IdedObjManager.swift */ = {isa = PBXFileReference; lastKnownFileType = sourcecode.swift; path = IdedObjManager.swift; sourceTree = "<group>"; };
		338DBF8B21E983DE006F5BA1 /* IdGenerator.swift */ = {isa = PBXFileReference; lastKnownFileType = sourcecode.swift; path = IdGenerator.swift; sourceTree = "<group>"; };
		338E48EC22728317007FF826 /* LocationListViewController.swift */ = {isa = PBXFileReference; lastKnownFileType = sourcecode.swift; path = LocationListViewController.swift; sourceTree = "<group>"; };
		338E48EE22728334007FF826 /* LocationDetailsViewController.swift */ = {isa = PBXFileReference; lastKnownFileType = sourcecode.swift; path = LocationDetailsViewController.swift; sourceTree = "<group>"; };
		338E48F122728534007FF826 /* EditLocDetailTextCell.swift */ = {isa = PBXFileReference; lastKnownFileType = sourcecode.swift; path = EditLocDetailTextCell.swift; sourceTree = "<group>"; };
		338E48F32272858D007FF826 /* EditLocDetailWithSliderCell.swift */ = {isa = PBXFileReference; lastKnownFileType = sourcecode.swift; path = EditLocDetailWithSliderCell.swift; sourceTree = "<group>"; };
		338E48F5227285E3007FF826 /* EditLocDetailWithSwitchCell.swift */ = {isa = PBXFileReference; lastKnownFileType = sourcecode.swift; path = EditLocDetailWithSwitchCell.swift; sourceTree = "<group>"; };
		338E48FB22783310007FF826 /* LocationDetail.swift */ = {isa = PBXFileReference; lastKnownFileType = sourcecode.swift; path = LocationDetail.swift; sourceTree = "<group>"; };
		338E48FF227BAFD5007FF826 /* UIImage.swift */ = {isa = PBXFileReference; lastKnownFileType = sourcecode.swift; path = UIImage.swift; sourceTree = "<group>"; };
		338E4902227C0A29007FF826 /* InOrOut.swift */ = {isa = PBXFileReference; lastKnownFileType = sourcecode.swift; path = InOrOut.swift; sourceTree = "<group>"; };
		338E4904227C0ABB007FF826 /* LightExposure.swift */ = {isa = PBXFileReference; lastKnownFileType = sourcecode.swift; path = LightExposure.swift; sourceTree = "<group>"; };
		338E4906227C0B00007FF826 /* Conditions.swift */ = {isa = PBXFileReference; lastKnownFileType = sourcecode.swift; path = Conditions.swift; sourceTree = "<group>"; };
		338E4908227C0E52007FF826 /* Rain.swift */ = {isa = PBXFileReference; lastKnownFileType = sourcecode.swift; path = Rain.swift; sourceTree = "<group>"; };
		338E490A227C0E88007FF826 /* Humidity.swift */ = {isa = PBXFileReference; lastKnownFileType = sourcecode.swift; path = Humidity.swift; sourceTree = "<group>"; };
		338E490C227C0F27007FF826 /* Wind.swift */ = {isa = PBXFileReference; lastKnownFileType = sourcecode.swift; path = Wind.swift; sourceTree = "<group>"; };
		338E491122800CC2007FF826 /* UISlider.swift */ = {isa = PBXFileReference; lastKnownFileType = sourcecode.swift; path = UISlider.swift; sourceTree = "<group>"; };
		338E491322814097007FF826 /* LocDetailWithLabelCell.swift */ = {isa = PBXFileReference; lastKnownFileType = sourcecode.swift; path = LocDetailWithLabelCell.swift; sourceTree = "<group>"; };
		338E49152287F6C8007FF826 /* LocationListPopoverViewController.swift */ = {isa = PBXFileReference; lastKnownFileType = sourcecode.swift; path = LocationListPopoverViewController.swift; sourceTree = "<group>"; };
		338E4917228814A0007FF826 /* AlwaysPresentAsPopover.swift */ = {isa = PBXFileReference; lastKnownFileType = sourcecode.swift; path = AlwaysPresentAsPopover.swift; sourceTree = "<group>"; };
		33900D052295173F00E653D1 /* StorableConditions.swift */ = {isa = PBXFileReference; lastKnownFileType = sourcecode.swift; path = StorableConditions.swift; sourceTree = "<group>"; };
		33900D07229517A500E653D1 /* StorableAction.swift */ = {isa = PBXFileReference; lastKnownFileType = sourcecode.swift; path = StorableAction.swift; sourceTree = "<group>"; };
		33900D092295244A00E653D1 /* AnnualConditions.swift */ = {isa = PBXFileReference; lastKnownFileType = sourcecode.swift; path = AnnualConditions.swift; sourceTree = "<group>"; };
		33900D0B2295247A00E653D1 /* SeasonalConditions.swift */ = {isa = PBXFileReference; lastKnownFileType = sourcecode.swift; path = SeasonalConditions.swift; sourceTree = "<group>"; };
		33900D0D22952EC600E653D1 /* UnknownLocation.swift */ = {isa = PBXFileReference; lastKnownFileType = sourcecode.swift; path = UnknownLocation.swift; sourceTree = "<group>"; };
		33900D0F2296246F00E653D1 /* Defaults.swift */ = {isa = PBXFileReference; lastKnownFileType = sourcecode.swift; path = Defaults.swift; sourceTree = "<group>"; };
		33900D11229678E400E653D1 /* CareType.swift */ = {isa = PBXFileReference; lastKnownFileType = sourcecode.swift; path = CareType.swift; sourceTree = "<group>"; };
		33900D152298919C00E653D1 /* ConditionsType.swift */ = {isa = PBXFileReference; lastKnownFileType = sourcecode.swift; path = ConditionsType.swift; sourceTree = "<group>"; };
		33900D1722991EA300E653D1 /* TimeType.swift */ = {isa = PBXFileReference; lastKnownFileType = sourcecode.swift; path = TimeType.swift; sourceTree = "<group>"; };
		33900D19229922F800E653D1 /* StorableTime.swift */ = {isa = PBXFileReference; lastKnownFileType = sourcecode.swift; path = StorableTime.swift; sourceTree = "<group>"; };
		33AC0CDF21CC7FE900F52D55 /* CareActions.swift */ = {isa = PBXFileReference; lastKnownFileType = sourcecode.swift; path = CareActions.swift; sourceTree = "<group>"; };
		33AC0CE121CC80A500F52D55 /* Quantity.swift */ = {isa = PBXFileReference; lastKnownFileType = sourcecode.swift; path = Quantity.swift; sourceTree = "<group>"; };
		33AC0CE321CC820B00F52D55 /* Action.swift */ = {isa = PBXFileReference; lastKnownFileType = sourcecode.swift; path = Action.swift; sourceTree = "<group>"; };
		33AC0CE621CC827400F52D55 /* Water.swift */ = {isa = PBXFileReference; lastKnownFileType = sourcecode.swift; path = Water.swift; sourceTree = "<group>"; };
		33AC0CE821CC82C300F52D55 /* Fertilize.swift */ = {isa = PBXFileReference; lastKnownFileType = sourcecode.swift; path = Fertilize.swift; sourceTree = "<group>"; };
		33AC0CEA21CC82E600F52D55 /* Light.swift */ = {isa = PBXFileReference; lastKnownFileType = sourcecode.swift; path = Light.swift; sourceTree = "<group>"; };
		33AC0CEC21CC832B00F52D55 /* ActionFrequency.swift */ = {isa = PBXFileReference; lastKnownFileType = sourcecode.swift; path = ActionFrequency.swift; sourceTree = "<group>"; };
		33AC0CEE21CC836300F52D55 /* Timetable.swift */ = {isa = PBXFileReference; lastKnownFileType = sourcecode.swift; path = Timetable.swift; sourceTree = "<group>"; };
		33AC0CF021CC839600F52D55 /* SeasonalSchedule.swift */ = {isa = PBXFileReference; lastKnownFileType = sourcecode.swift; path = SeasonalSchedule.swift; sourceTree = "<group>"; };
		33AC0CF221CC855D00F52D55 /* CareDetail.swift */ = {isa = PBXFileReference; lastKnownFileType = sourcecode.swift; path = CareDetail.swift; sourceTree = "<group>"; };
		33AC0CF621CE18FB00F52D55 /* Season.swift */ = {isa = PBXFileReference; lastKnownFileType = sourcecode.swift; path = Season.swift; sourceTree = "<group>"; };
		33AC0CFB21D321E300F52D55 /* Plant.Manager.swift */ = {isa = PBXFileReference; lastKnownFileType = sourcecode.swift; path = Plant.Manager.swift; sourceTree = "<group>"; };
		33AC0CFD21D3223300F52D55 /* Location.Manager.swift */ = {isa = PBXFileReference; lastKnownFileType = sourcecode.swift; path = Location.Manager.swift; sourceTree = "<group>"; };
		33AC0D0021D3282A00F52D55 /* Season.Manager.swift */ = {isa = PBXFileReference; lastKnownFileType = sourcecode.swift; path = Season.Manager.swift; sourceTree = "<group>"; };
		33C1A1162193AD48003003F5 /* GreenThumb.app */ = {isa = PBXFileReference; explicitFileType = wrapper.application; includeInIndex = 0; path = GreenThumb.app; sourceTree = BUILT_PRODUCTS_DIR; };
		33C1A1192193AD48003003F5 /* AppDelegate.swift */ = {isa = PBXFileReference; lastKnownFileType = sourcecode.swift; path = AppDelegate.swift; sourceTree = "<group>"; };
		33C1A1202193AD48003003F5 /* Base */ = {isa = PBXFileReference; lastKnownFileType = file.storyboard; name = Base; path = Base.lproj/Main.storyboard; sourceTree = "<group>"; };
		33C1A1222193AD4B003003F5 /* Assets.xcassets */ = {isa = PBXFileReference; lastKnownFileType = folder.assetcatalog; path = Assets.xcassets; sourceTree = "<group>"; };
		33C1A1252193AD4B003003F5 /* Base */ = {isa = PBXFileReference; lastKnownFileType = file.storyboard; name = Base; path = Base.lproj/LaunchScreen.storyboard; sourceTree = "<group>"; };
		33C1A1272193AD4B003003F5 /* Info.plist */ = {isa = PBXFileReference; lastKnownFileType = text.plist.xml; path = Info.plist; sourceTree = "<group>"; };
		33C1A12C2193AD4B003003F5 /* GreenThumbTests.xctest */ = {isa = PBXFileReference; explicitFileType = wrapper.cfbundle; includeInIndex = 0; path = GreenThumbTests.xctest; sourceTree = BUILT_PRODUCTS_DIR; };
		33C1A1302193AD4B003003F5 /* GreenThumbTests.swift */ = {isa = PBXFileReference; lastKnownFileType = sourcecode.swift; path = GreenThumbTests.swift; sourceTree = "<group>"; };
		33C1A1322193AD4B003003F5 /* Info.plist */ = {isa = PBXFileReference; lastKnownFileType = text.plist.xml; path = Info.plist; sourceTree = "<group>"; };
		33C1A1372193AD4B003003F5 /* GreenThumbUITests.xctest */ = {isa = PBXFileReference; explicitFileType = wrapper.cfbundle; includeInIndex = 0; path = GreenThumbUITests.xctest; sourceTree = BUILT_PRODUCTS_DIR; };
		33C1A13B2193AD4B003003F5 /* GreenThumbUITests.swift */ = {isa = PBXFileReference; lastKnownFileType = sourcecode.swift; path = GreenThumbUITests.swift; sourceTree = "<group>"; };
		33C1A13D2193AD4B003003F5 /* Info.plist */ = {isa = PBXFileReference; lastKnownFileType = text.plist.xml; path = Info.plist; sourceTree = "<group>"; };
		33C1A14B2193BE28003003F5 /* PlantDetailsViewController.swift */ = {isa = PBXFileReference; lastKnownFileType = sourcecode.swift; path = PlantDetailsViewController.swift; sourceTree = "<group>"; };
		33C1A14D2193BE3A003003F5 /* CareDetailsViewController.swift */ = {isa = PBXFileReference; lastKnownFileType = sourcecode.swift; path = CareDetailsViewController.swift; sourceTree = "<group>"; };
		33C1A1522193C230003003F5 /* Storage.swift */ = {isa = PBXFileReference; lastKnownFileType = sourcecode.swift; path = Storage.swift; sourceTree = "<group>"; };
		33C1A1542193C267003003F5 /* DiskStorage.swift */ = {isa = PBXFileReference; lastKnownFileType = sourcecode.swift; path = DiskStorage.swift; sourceTree = "<group>"; };
		33C1A157219411B2003003F5 /* Plant.swift */ = {isa = PBXFileReference; lastKnownFileType = sourcecode.swift; path = Plant.swift; sourceTree = "<group>"; };
		33C1A159219411CC003003F5 /* Location.swift */ = {isa = PBXFileReference; lastKnownFileType = sourcecode.swift; path = Location.swift; sourceTree = "<group>"; };
		33C1A1662199419C003003F5 /* String.swift */ = {isa = PBXFileReference; lastKnownFileType = sourcecode.swift; path = String.swift; sourceTree = "<group>"; };
		33C1A16E2199509B003003F5 /* GenericError.swift */ = {isa = PBXFileReference; lastKnownFileType = sourcecode.swift; path = GenericError.swift; sourceTree = "<group>"; };
		33C1A17021995229003003F5 /* PlantsListViewController.swift */ = {isa = PBXFileReference; lastKnownFileType = sourcecode.swift; path = PlantsListViewController.swift; sourceTree = "<group>"; };
		33C1A17921995B0C003003F5 /* TextType.swift */ = {isa = PBXFileReference; lastKnownFileType = sourcecode.swift; path = TextType.swift; sourceTree = "<group>"; };
		33C1A17C219AB501003003F5 /* Output.swift */ = {isa = PBXFileReference; lastKnownFileType = sourcecode.swift; path = Output.swift; sourceTree = "<group>"; };
		33C1A17E219AB52F003003F5 /* OutputTypeList.swift */ = {isa = PBXFileReference; lastKnownFileType = sourcecode.swift; path = OutputTypeList.swift; sourceTree = "<group>"; };
		33C1A180219AB573003003F5 /* Log.swift */ = {isa = PBXFileReference; lastKnownFileType = sourcecode.swift; path = Log.swift; sourceTree = "<group>"; };
		33C1A182219AB59F003003F5 /* MessageWindow.swift */ = {isa = PBXFileReference; lastKnownFileType = sourcecode.swift; path = MessageWindow.swift; sourceTree = "<group>"; };
		33C1A186219FBAE7003003F5 /* PlantDetail.swift */ = {isa = PBXFileReference; lastKnownFileType = sourcecode.swift; path = PlantDetail.swift; sourceTree = "<group>"; };
		33C1A18B21C8CECB003003F5 /* CareInstructions.swift */ = {isa = PBXFileReference; lastKnownFileType = sourcecode.swift; path = CareInstructions.swift; sourceTree = "<group>"; };
		33C1A18F21C8CF76003003F5 /* Time.swift */ = {isa = PBXFileReference; lastKnownFileType = sourcecode.swift; path = Time.swift; sourceTree = "<group>"; };
		33C1A19121C8E240003003F5 /* Anytime.swift */ = {isa = PBXFileReference; lastKnownFileType = sourcecode.swift; path = Anytime.swift; sourceTree = "<group>"; };
		33C1A19321C8E277003003F5 /* Date.swift */ = {isa = PBXFileReference; lastKnownFileType = sourcecode.swift; path = Date.swift; sourceTree = "<group>"; };
		33C1A19521C8E2E3003003F5 /* TimeOfDay.swift */ = {isa = PBXFileReference; lastKnownFileType = sourcecode.swift; path = TimeOfDay.swift; sourceTree = "<group>"; };
		33C1A19721C8E39D003003F5 /* TimeOfYear.swift */ = {isa = PBXFileReference; lastKnownFileType = sourcecode.swift; path = TimeOfYear.swift; sourceTree = "<group>"; };
		33C1A19921C8E3F3003003F5 /* TimeWindow.swift */ = {isa = PBXFileReference; lastKnownFileType = sourcecode.swift; path = TimeWindow.swift; sourceTree = "<group>"; };
		33C1A19B21C8E622003003F5 /* TimeUnit.swift */ = {isa = PBXFileReference; lastKnownFileType = sourcecode.swift; path = TimeUnit.swift; sourceTree = "<group>"; };
		33C1A1A121CB8109003003F5 /* CareViewController.swift */ = {isa = PBXFileReference; lastKnownFileType = sourcecode.swift; path = CareViewController.swift; sourceTree = "<group>"; };
		33F67321237E522000F55861 /* DetailsTableController.swift */ = {isa = PBXFileReference; lastKnownFileType = sourcecode.swift; path = DetailsTableController.swift; sourceTree = "<group>"; };
		33F67325237E531600F55861 /* DetailTextFieldDelegate.swift */ = {isa = PBXFileReference; lastKnownFileType = sourcecode.swift; path = DetailTextFieldDelegate.swift; sourceTree = "<group>"; };
		33F67327237E6CEC00F55861 /* KeyboardHandler.swift */ = {isa = PBXFileReference; fileEncoding = 4; lastKnownFileType = sourcecode.swift; path = KeyboardHandler.swift; sourceTree = "<group>"; };
		33F673302380ABB200F55861 /* EditableDetailTextCell.xib */ = {isa = PBXFileReference; lastKnownFileType = file.xib; path = EditableDetailTextCell.xib; sourceTree = "<group>"; };
		33F673322380C31200F55861 /* ImageDetailCell.xib */ = {isa = PBXFileReference; lastKnownFileType = file.xib; path = ImageDetailCell.xib; sourceTree = "<group>"; };
		33F6733523835C4900F55861 /* ReuseId.swift */ = {isa = PBXFileReference; lastKnownFileType = sourcecode.swift; path = ReuseId.swift; sourceTree = "<group>"; };
		33F6733C2383676700F55861 /* PlantListCell.swift */ = {isa = PBXFileReference; fileEncoding = 4; lastKnownFileType = sourcecode.swift; path = PlantListCell.swift; sourceTree = "<group>"; };
		33F6733E2383810B00F55861 /* ColorConstants.swift */ = {isa = PBXFileReference; lastKnownFileType = sourcecode.swift; path = ColorConstants.swift; sourceTree = "<group>"; };
		33F673402383819C00F55861 /* FontConstants.swift */ = {isa = PBXFileReference; lastKnownFileType = sourcecode.swift; path = FontConstants.swift; sourceTree = "<group>"; };
		33F67342238382FC00F55861 /* DetailsConstants.swift */ = {isa = PBXFileReference; lastKnownFileType = sourcecode.swift; path = DetailsConstants.swift; sourceTree = "<group>"; };
/* End PBXFileReference section */

/* Begin PBXFrameworksBuildPhase section */
		33C1A1132193AD48003003F5 /* Frameworks */ = {
			isa = PBXFrameworksBuildPhase;
			buildActionMask = 2147483647;
			files = (
			);
			runOnlyForDeploymentPostprocessing = 0;
		};
		33C1A1292193AD4B003003F5 /* Frameworks */ = {
			isa = PBXFrameworksBuildPhase;
			buildActionMask = 2147483647;
			files = (
			);
			runOnlyForDeploymentPostprocessing = 0;
		};
		33C1A1342193AD4B003003F5 /* Frameworks */ = {
			isa = PBXFrameworksBuildPhase;
			buildActionMask = 2147483647;
			files = (
			);
			runOnlyForDeploymentPostprocessing = 0;
		};
/* End PBXFrameworksBuildPhase section */

/* Begin PBXGroup section */
		336FAA11237A0658003E2ECF /* details */ = {
			isa = PBXGroup;
			children = (
				336FAA12237A0658003E2ECF /* ObjectDetails.swift */,
			);
			path = details;
			sourceTree = "<group>";
		};
		336FAA16237A0686003E2ECF /* details */ = {
			isa = PBXGroup;
			children = (
				336FAA18237A0686003E2ECF /* EditableDetailTextCell.swift */,
				336FAA19237A0686003E2ECF /* EditDetailWithSliderCell.swift */,
				336FAA1A237A0686003E2ECF /* ImageDetailCell.swift */,
				33F673302380ABB200F55861 /* EditableDetailTextCell.xib */,
				33F673322380C31200F55861 /* ImageDetailCell.xib */,
			);
			path = details;
			sourceTree = "<group>";
		};
		336FAA21237A758C003E2ECF /* dataSourcesAndDelegates */ = {
			isa = PBXGroup;
			children = (
				336FAA22237A75C3003E2ECF /* ImagePickerController.swift */,
				33F67321237E522000F55861 /* DetailsTableController.swift */,
				33F67325237E531600F55861 /* DetailTextFieldDelegate.swift */,
				336FAA26237A7BA9003E2ECF /* DetailsViewController.swift */,
			);
			path = dataSourcesAndDelegates;
			sourceTree = "<group>";
		};
		338DBF7D21E6CC63006F5BA1 /* quantity */ = {
			isa = PBXGroup;
			children = (
				33AC0CE121CC80A500F52D55 /* Quantity.swift */,
				338DBF7E21E6CCC5006F5BA1 /* Volume.swift */,
			);
			path = quantity;
			sourceTree = "<group>";
		};
		338DBF8821E8375A006F5BA1 /* id */ = {
			isa = PBXGroup;
			children = (
				338DBF8621E83751006F5BA1 /* IdedObj.swift */,
				338DBF8921E83A7D006F5BA1 /* IdedObjManager.swift */,
				338DBF8B21E983DE006F5BA1 /* IdGenerator.swift */,
			);
			path = id;
			sourceTree = "<group>";
		};
		338E48EB227282F5007FF826 /* location */ = {
			isa = PBXGroup;
			children = (
				338E48EC22728317007FF826 /* LocationListViewController.swift */,
				338E48EE22728334007FF826 /* LocationDetailsViewController.swift */,
				338E48FB22783310007FF826 /* LocationDetail.swift */,
				338E49152287F6C8007FF826 /* LocationListPopoverViewController.swift */,
			);
			path = location;
			sourceTree = "<group>";
		};
		338E48F0227283D7007FF826 /* location */ = {
			isa = PBXGroup;
			children = (
				338E48F122728534007FF826 /* EditLocDetailTextCell.swift */,
				338E48F32272858D007FF826 /* EditLocDetailWithSliderCell.swift */,
				338E48F5227285E3007FF826 /* EditLocDetailWithSwitchCell.swift */,
				338E491322814097007FF826 /* LocDetailWithLabelCell.swift */,
			);
			path = location;
			sourceTree = "<group>";
		};
		338E4901227C09FF007FF826 /* conditions */ = {
			isa = PBXGroup;
			children = (
				33900D1C22992F8C00E653D1 /* types */,
				338E4906227C0B00007FF826 /* Conditions.swift */,
				33900D152298919C00E653D1 /* ConditionsType.swift */,
				33900D052295173F00E653D1 /* StorableConditions.swift */,
			);
			path = conditions;
			sourceTree = "<group>";
		};
		338E490E227FE0D2007FF826 /* uikit */ = {
			isa = PBXGroup;
			children = (
				338E48FF227BAFD5007FF826 /* UIImage.swift */,
				338E491122800CC2007FF826 /* UISlider.swift */,
			);
			path = uikit;
			sourceTree = "<group>";
		};
		33900D1B22992F7700E653D1 /* types */ = {
			isa = PBXGroup;
			children = (
				33C1A19321C8E277003003F5 /* Date.swift */,
				33C1A19921C8E3F3003003F5 /* TimeWindow.swift */,
				33C1A19121C8E240003003F5 /* Anytime.swift */,
				33C1A19521C8E2E3003003F5 /* TimeOfDay.swift */,
				33C1A19721C8E39D003003F5 /* TimeOfYear.swift */,
			);
			path = types;
			sourceTree = "<group>";
		};
		33900D1C22992F8C00E653D1 /* types */ = {
			isa = PBXGroup;
			children = (
				338E4902227C0A29007FF826 /* InOrOut.swift */,
				338E4904227C0ABB007FF826 /* LightExposure.swift */,
				338E4908227C0E52007FF826 /* Rain.swift */,
				338E490A227C0E88007FF826 /* Humidity.swift */,
				338E490C227C0F27007FF826 /* Wind.swift */,
			);
			path = types;
			sourceTree = "<group>";
		};
		33900D1D22992FA700E653D1 /* types */ = {
			isa = PBXGroup;
			children = (
				33AC0CDF21CC7FE900F52D55 /* CareActions.swift */,
				33AC0CE621CC827400F52D55 /* Water.swift */,
				33AC0CE821CC82C300F52D55 /* Fertilize.swift */,
				33AC0CEA21CC82E600F52D55 /* Light.swift */,
			);
			path = types;
			sourceTree = "<group>";
		};
		33AC0CE521CC821100F52D55 /* action */ = {
			isa = PBXGroup;
			children = (
				33AC0CE321CC820B00F52D55 /* Action.swift */,
				33900D07229517A500E653D1 /* StorableAction.swift */,
				33AC0CEC21CC832B00F52D55 /* ActionFrequency.swift */,
				33AC0CEE21CC836300F52D55 /* Timetable.swift */,
				33AC0CF021CC839600F52D55 /* SeasonalSchedule.swift */,
			);
			name = action;
			sourceTree = "<group>";
		};
		33AC0CFF21D3281500F52D55 /* time */ = {
			isa = PBXGroup;
			children = (
				33AC0CF621CE18FB00F52D55 /* Season.swift */,
				33AC0D0021D3282A00F52D55 /* Season.Manager.swift */,
			);
			path = time;
			sourceTree = "<group>";
		};
		33C1A10D2193AD48003003F5 = {
			isa = PBXGroup;
			children = (
				33C1A1182193AD48003003F5 /* GreenThumb */,
				33C1A12F2193AD4B003003F5 /* GreenThumbTests */,
				33C1A13A2193AD4B003003F5 /* GreenThumbUITests */,
				33C1A1172193AD48003003F5 /* Products */,
			);
			sourceTree = "<group>";
		};
		33C1A1172193AD48003003F5 /* Products */ = {
			isa = PBXGroup;
			children = (
				33C1A1162193AD48003003F5 /* GreenThumb.app */,
				33C1A12C2193AD4B003003F5 /* GreenThumbTests.xctest */,
				33C1A1372193AD4B003003F5 /* GreenThumbUITests.xctest */,
			);
			name = Products;
			sourceTree = "<group>";
		};
		33C1A1182193AD48003003F5 /* GreenThumb */ = {
			isa = PBXGroup;
			children = (
				33F6733423835C3200F55861 /* constants */,
				33C1A168219941A4003003F5 /* utils */,
				33C1A1492193BDBC003003F5 /* controller */,
				33C1A14A2193BDC8003003F5 /* model */,
				33C1A16B2199497F003003F5 /* view */,
				33C1A1192193AD48003003F5 /* AppDelegate.swift */,
				33C1A1222193AD4B003003F5 /* Assets.xcassets */,
				33C1A1272193AD4B003003F5 /* Info.plist */,
			);
			path = GreenThumb;
			sourceTree = "<group>";
		};
		33C1A12F2193AD4B003003F5 /* GreenThumbTests */ = {
			isa = PBXGroup;
			children = (
				33C1A1302193AD4B003003F5 /* GreenThumbTests.swift */,
				33C1A1322193AD4B003003F5 /* Info.plist */,
			);
			path = GreenThumbTests;
			sourceTree = "<group>";
		};
		33C1A13A2193AD4B003003F5 /* GreenThumbUITests */ = {
			isa = PBXGroup;
			children = (
				33C1A13B2193AD4B003003F5 /* GreenThumbUITests.swift */,
				33C1A13D2193AD4B003003F5 /* Info.plist */,
			);
			path = GreenThumbUITests;
			sourceTree = "<group>";
		};
		33C1A1492193BDBC003003F5 /* controller */ = {
			isa = PBXGroup;
			children = (
				33F67327237E6CEC00F55861 /* KeyboardHandler.swift */,
				336FAA21237A758C003E2ECF /* dataSourcesAndDelegates */,
				336FAA11237A0658003E2ECF /* details */,
				338E48EB227282F5007FF826 /* location */,
				33C1A17321995249003003F5 /* care */,
				33C1A17221995231003003F5 /* plant */,
				338E4917228814A0007FF826 /* AlwaysPresentAsPopover.swift */,
			);
			path = controller;
			sourceTree = "<group>";
		};
		33C1A14A2193BDC8003003F5 /* model */ = {
			isa = PBXGroup;
			children = (
				338E4901227C09FF007FF826 /* conditions */,
				33AC0CFF21D3281500F52D55 /* time */,
				33AC0CE521CC821100F52D55 /* action */,
				33C1A18D21C8CEDC003003F5 /* care */,
				33C1A163219688F9003003F5 /* location */,
				33C1A160219681D1003003F5 /* plant */,
				33900D0F2296246F00E653D1 /* Defaults.swift */,
			);
			path = model;
			sourceTree = "<group>";
		};
		33C1A1512193C21A003003F5 /* storage */ = {
			isa = PBXGroup;
			children = (
				33C1A1522193C230003003F5 /* Storage.swift */,
				33C1A1542193C267003003F5 /* DiskStorage.swift */,
				331F6907229126AC003542D6 /* Storable.swift */,
			);
			path = storage;
			sourceTree = "<group>";
		};
		33C1A15D2194BE0B003003F5 /* error */ = {
			isa = PBXGroup;
			children = (
				33C1A16E2199509B003003F5 /* GenericError.swift */,
			);
			path = error;
			sourceTree = "<group>";
		};
		33C1A160219681D1003003F5 /* plant */ = {
			isa = PBXGroup;
			children = (
				33C1A157219411B2003003F5 /* Plant.swift */,
				33AC0CFB21D321E300F52D55 /* Plant.Manager.swift */,
			);
			path = plant;
			sourceTree = "<group>";
		};
		33C1A163219688F9003003F5 /* location */ = {
			isa = PBXGroup;
			children = (
				33C1A159219411CC003003F5 /* Location.swift */,
				33AC0CFD21D3223300F52D55 /* Location.Manager.swift */,
				33900D092295244A00E653D1 /* AnnualConditions.swift */,
				33900D0B2295247A00E653D1 /* SeasonalConditions.swift */,
				33900D0D22952EC600E653D1 /* UnknownLocation.swift */,
			);
			path = location;
			sourceTree = "<group>";
		};
		33C1A168219941A4003003F5 /* utils */ = {
			isa = PBXGroup;
			children = (
				338DBF8821E8375A006F5BA1 /* id */,
				338DBF7D21E6CC63006F5BA1 /* quantity */,
				33C1A17B219AB4B1003003F5 /* output */,
				33C1A17821995AFB003003F5 /* text */,
				33C1A15D2194BE0B003003F5 /* error */,
				33C1A1512193C21A003003F5 /* storage */,
				33C1A18E21C8CF64003003F5 /* time */,
			);
			path = utils;
			sourceTree = "<group>";
		};
		33C1A16B2199497F003003F5 /* view */ = {
			isa = PBXGroup;
			children = (
				33F6733B238366DD00F55861 /* plant */,
				33F673292380A84B00F55861 /* storyboards */,
				336FAA16237A0686003E2ECF /* details */,
				338E490E227FE0D2007FF826 /* uikit */,
				338E48F0227283D7007FF826 /* location */,
			);
			name = view;
			path = "New Group";
			sourceTree = "<group>";
		};
		33C1A17221995231003003F5 /* plant */ = {
			isa = PBXGroup;
			children = (
				33C1A17021995229003003F5 /* PlantsListViewController.swift */,
				33C1A186219FBAE7003003F5 /* PlantDetail.swift */,
				33C1A14B2193BE28003003F5 /* PlantDetailsViewController.swift */,
			);
			path = plant;
			sourceTree = "<group>";
		};
		33C1A17321995249003003F5 /* care */ = {
			isa = PBXGroup;
			children = (
				33C1A14D2193BE3A003003F5 /* CareDetailsViewController.swift */,
				33C1A1A121CB8109003003F5 /* CareViewController.swift */,
				33AC0CF221CC855D00F52D55 /* CareDetail.swift */,
			);
			path = care;
			sourceTree = "<group>";
		};
		33C1A17821995AFB003003F5 /* text */ = {
			isa = PBXGroup;
			children = (
				33C1A1662199419C003003F5 /* String.swift */,
				33C1A17921995B0C003003F5 /* TextType.swift */,
				338DBF7B21E5DBB2006F5BA1 /* RegEx.swift */,
			);
			path = text;
			sourceTree = "<group>";
		};
		33C1A17B219AB4B1003003F5 /* output */ = {
			isa = PBXGroup;
			children = (
				33C1A17C219AB501003003F5 /* Output.swift */,
				33C1A17E219AB52F003003F5 /* OutputTypeList.swift */,
				33C1A180219AB573003003F5 /* Log.swift */,
				33C1A182219AB59F003003F5 /* MessageWindow.swift */,
			);
			path = output;
			sourceTree = "<group>";
		};
		33C1A18D21C8CEDC003003F5 /* care */ = {
			isa = PBXGroup;
			children = (
				33900D1D22992FA700E653D1 /* types */,
				33C1A18B21C8CECB003003F5 /* CareInstructions.swift */,
				33900D11229678E400E653D1 /* CareType.swift */,
			);
			path = care;
			sourceTree = "<group>";
		};
		33C1A18E21C8CF64003003F5 /* time */ = {
			isa = PBXGroup;
			children = (
				33900D1B22992F7700E653D1 /* types */,
				33C1A18F21C8CF76003003F5 /* Time.swift */,
				33900D1722991EA300E653D1 /* TimeType.swift */,
				33900D19229922F800E653D1 /* StorableTime.swift */,
				33C1A19B21C8E622003003F5 /* TimeUnit.swift */,
			);
			path = time;
			sourceTree = "<group>";
		};
		33F673292380A84B00F55861 /* storyboards */ = {
			isa = PBXGroup;
			children = (
				33C1A1242193AD4B003003F5 /* LaunchScreen.storyboard */,
				33C1A11F2193AD48003003F5 /* Main.storyboard */,
			);
			path = storyboards;
			sourceTree = "<group>";
		};
		33F6733423835C3200F55861 /* constants */ = {
			isa = PBXGroup;
			children = (
				33F6733523835C4900F55861 /* ReuseId.swift */,
				33F6733E2383810B00F55861 /* ColorConstants.swift */,
				33F673402383819C00F55861 /* FontConstants.swift */,
				33F67342238382FC00F55861 /* DetailsConstants.swift */,
			);
			path = constants;
			sourceTree = "<group>";
		};
		33F6733B238366DD00F55861 /* plant */ = {
			isa = PBXGroup;
			children = (
				33F6733C2383676700F55861 /* PlantListCell.swift */,
			);
			path = plant;
			sourceTree = "<group>";
		};
/* End PBXGroup section */

/* Begin PBXNativeTarget section */
		33C1A1152193AD48003003F5 /* GreenThumb */ = {
			isa = PBXNativeTarget;
			buildConfigurationList = 33C1A1402193AD4B003003F5 /* Build configuration list for PBXNativeTarget "GreenThumb" */;
			buildPhases = (
				33C1A1122193AD48003003F5 /* Sources */,
				33C1A1132193AD48003003F5 /* Frameworks */,
				33C1A1142193AD48003003F5 /* Resources */,
			);
			buildRules = (
			);
			dependencies = (
			);
			name = GreenThumb;
			productName = GreenThumb;
			productReference = 33C1A1162193AD48003003F5 /* GreenThumb.app */;
			productType = "com.apple.product-type.application";
		};
		33C1A12B2193AD4B003003F5 /* GreenThumbTests */ = {
			isa = PBXNativeTarget;
			buildConfigurationList = 33C1A1432193AD4B003003F5 /* Build configuration list for PBXNativeTarget "GreenThumbTests" */;
			buildPhases = (
				33C1A1282193AD4B003003F5 /* Sources */,
				33C1A1292193AD4B003003F5 /* Frameworks */,
				33C1A12A2193AD4B003003F5 /* Resources */,
			);
			buildRules = (
			);
			dependencies = (
				33C1A12E2193AD4B003003F5 /* PBXTargetDependency */,
			);
			name = GreenThumbTests;
			productName = GreenThumbTests;
			productReference = 33C1A12C2193AD4B003003F5 /* GreenThumbTests.xctest */;
			productType = "com.apple.product-type.bundle.unit-test";
		};
		33C1A1362193AD4B003003F5 /* GreenThumbUITests */ = {
			isa = PBXNativeTarget;
			buildConfigurationList = 33C1A1462193AD4B003003F5 /* Build configuration list for PBXNativeTarget "GreenThumbUITests" */;
			buildPhases = (
				33C1A1332193AD4B003003F5 /* Sources */,
				33C1A1342193AD4B003003F5 /* Frameworks */,
				33C1A1352193AD4B003003F5 /* Resources */,
			);
			buildRules = (
			);
			dependencies = (
				33C1A1392193AD4B003003F5 /* PBXTargetDependency */,
			);
			name = GreenThumbUITests;
			productName = GreenThumbUITests;
			productReference = 33C1A1372193AD4B003003F5 /* GreenThumbUITests.xctest */;
			productType = "com.apple.product-type.bundle.ui-testing";
		};
/* End PBXNativeTarget section */

/* Begin PBXProject section */
		33C1A10E2193AD48003003F5 /* Project object */ = {
			isa = PBXProject;
			attributes = {
				LastSwiftUpdateCheck = 0940;
				LastUpgradeCheck = 0940;
				ORGANIZATIONNAME = "Mana Roy Studio";
				TargetAttributes = {
					33C1A1152193AD48003003F5 = {
						CreatedOnToolsVersion = 9.4.1;
						LastSwiftMigration = 1020;
					};
					33C1A12B2193AD4B003003F5 = {
						CreatedOnToolsVersion = 9.4.1;
						LastSwiftMigration = 1020;
						TestTargetID = 33C1A1152193AD48003003F5;
					};
					33C1A1362193AD4B003003F5 = {
						CreatedOnToolsVersion = 9.4.1;
						LastSwiftMigration = 1020;
						TestTargetID = 33C1A1152193AD48003003F5;
					};
				};
			};
			buildConfigurationList = 33C1A1112193AD48003003F5 /* Build configuration list for PBXProject "GreenThumb" */;
			compatibilityVersion = "Xcode 9.3";
			developmentRegion = en;
			hasScannedForEncodings = 0;
			knownRegions = (
				en,
				Base,
			);
			mainGroup = 33C1A10D2193AD48003003F5;
			productRefGroup = 33C1A1172193AD48003003F5 /* Products */;
			projectDirPath = "";
			projectRoot = "";
			targets = (
				33C1A1152193AD48003003F5 /* GreenThumb */,
				33C1A12B2193AD4B003003F5 /* GreenThumbTests */,
				33C1A1362193AD4B003003F5 /* GreenThumbUITests */,
			);
		};
/* End PBXProject section */

/* Begin PBXResourcesBuildPhase section */
		33C1A1142193AD48003003F5 /* Resources */ = {
			isa = PBXResourcesBuildPhase;
			buildActionMask = 2147483647;
			files = (
				33C1A1262193AD4B003003F5 /* LaunchScreen.storyboard in Resources */,
				33C1A1232193AD4B003003F5 /* Assets.xcassets in Resources */,
				33F673332380C31200F55861 /* ImageDetailCell.xib in Resources */,
				33F673312380ABB200F55861 /* EditableDetailTextCell.xib in Resources */,
				33C1A1212193AD48003003F5 /* Main.storyboard in Resources */,
			);
			runOnlyForDeploymentPostprocessing = 0;
		};
		33C1A12A2193AD4B003003F5 /* Resources */ = {
			isa = PBXResourcesBuildPhase;
			buildActionMask = 2147483647;
			files = (
			);
			runOnlyForDeploymentPostprocessing = 0;
		};
		33C1A1352193AD4B003003F5 /* Resources */ = {
			isa = PBXResourcesBuildPhase;
			buildActionMask = 2147483647;
			files = (
			);
			runOnlyForDeploymentPostprocessing = 0;
		};
/* End PBXResourcesBuildPhase section */

/* Begin PBXSourcesBuildPhase section */
		33C1A1122193AD48003003F5 /* Sources */ = {
			isa = PBXSourcesBuildPhase;
			buildActionMask = 2147483647;
			files = (
				336FAA1E237A0686003E2ECF /* EditDetailWithSliderCell.swift in Sources */,
				33C1A1A221CB8109003003F5 /* CareViewController.swift in Sources */,
				33AC0CEF21CC836300F52D55 /* Timetable.swift in Sources */,
				33900D162298919C00E653D1 /* ConditionsType.swift in Sources */,
				33AC0CE421CC820B00F52D55 /* Action.swift in Sources */,
				33C1A17D219AB501003003F5 /* Output.swift in Sources */,
				338E48EF22728334007FF826 /* LocationDetailsViewController.swift in Sources */,
				33AC0CE021CC7FE900F52D55 /* CareActions.swift in Sources */,
				33F673412383819C00F55861 /* FontConstants.swift in Sources */,
				33C1A17A21995B0C003003F5 /* TextType.swift in Sources */,
				33AC0CFC21D321E300F52D55 /* Plant.Manager.swift in Sources */,
				33AC0CF121CC839600F52D55 /* SeasonalSchedule.swift in Sources */,
				336FAA27237A7BA9003E2ECF /* DetailsViewController.swift in Sources */,
				33C1A17F219AB52F003003F5 /* OutputTypeList.swift in Sources */,
				336FAA23237A75C3003E2ECF /* ImagePickerController.swift in Sources */,
				33AC0CE221CC80A500F52D55 /* Quantity.swift in Sources */,
				33AC0CFE21D3223300F52D55 /* Location.Manager.swift in Sources */,
				338E491222800CC2007FF826 /* UISlider.swift in Sources */,
				33900D0E22952EC600E653D1 /* UnknownLocation.swift in Sources */,
				331F6908229126AC003542D6 /* Storable.swift in Sources */,
				33C1A16F2199509B003003F5 /* GenericError.swift in Sources */,
				33C1A14E2193BE3A003003F5 /* CareDetailsViewController.swift in Sources */,
				338DBF7F21E6CCC5006F5BA1 /* Volume.swift in Sources */,
				338E4909227C0E52007FF826 /* Rain.swift in Sources */,
				338DBF8A21E83A7D006F5BA1 /* IdedObjManager.swift in Sources */,
				338E48FC22783310007FF826 /* LocationDetail.swift in Sources */,
				33C1A19021C8CF76003003F5 /* Time.swift in Sources */,
				338DBF7C21E5DBB2006F5BA1 /* RegEx.swift in Sources */,
				33F6733F2383810B00F55861 /* ColorConstants.swift in Sources */,
				338E4918228814A0007FF826 /* AlwaysPresentAsPopover.swift in Sources */,
				338E48F42272858D007FF826 /* EditLocDetailWithSliderCell.swift in Sources */,
				338E4903227C0A29007FF826 /* InOrOut.swift in Sources */,
				33900D1822991EA300E653D1 /* TimeType.swift in Sources */,
				338E4905227C0ABB007FF826 /* LightExposure.swift in Sources */,
				338E4907227C0B00007FF826 /* Conditions.swift in Sources */,
				33AC0CF321CC855D00F52D55 /* CareDetail.swift in Sources */,
				33F6733D2383676700F55861 /* PlantListCell.swift in Sources */,
				33C1A1672199419C003003F5 /* String.swift in Sources */,
				33C1A187219FBAE7003003F5 /* PlantDetail.swift in Sources */,
				338E4900227BAFD5007FF826 /* UIImage.swift in Sources */,
				33C1A17121995229003003F5 /* PlantsListViewController.swift in Sources */,
				33AC0CED21CC832B00F52D55 /* ActionFrequency.swift in Sources */,
				33F67322237E522000F55861 /* DetailsTableController.swift in Sources */,
				33AC0CE721CC827400F52D55 /* Water.swift in Sources */,
				33C1A158219411B2003003F5 /* Plant.swift in Sources */,
				33C1A183219AB59F003003F5 /* MessageWindow.swift in Sources */,
				33C1A1532193C230003003F5 /* Storage.swift in Sources */,
				33C1A19C21C8E622003003F5 /* TimeUnit.swift in Sources */,
				33C1A19621C8E2E3003003F5 /* TimeOfDay.swift in Sources */,
				338E49162287F6C8007FF826 /* LocationListPopoverViewController.swift in Sources */,
				338DBF8721E83751006F5BA1 /* IdedObj.swift in Sources */,
				33F67328237E6CEC00F55861 /* KeyboardHandler.swift in Sources */,
				33C1A19A21C8E3F3003003F5 /* TimeWindow.swift in Sources */,
				336FAA1D237A0686003E2ECF /* EditableDetailTextCell.swift in Sources */,
				33C1A14C2193BE28003003F5 /* PlantDetailsViewController.swift in Sources */,
				33F6733623835C4900F55861 /* ReuseId.swift in Sources */,
				336FAA1F237A0686003E2ECF /* ImageDetailCell.swift in Sources */,
				33C1A18C21C8CECB003003F5 /* CareInstructions.swift in Sources */,
				33900D062295173F00E653D1 /* StorableConditions.swift in Sources */,
				33C1A19221C8E240003003F5 /* Anytime.swift in Sources */,
				33F67343238382FC00F55861 /* DetailsConstants.swift in Sources */,
				338E491422814097007FF826 /* LocDetailWithLabelCell.swift in Sources */,
				336FAA14237A0659003E2ECF /* ObjectDetails.swift in Sources */,
				33900D12229678E400E653D1 /* CareType.swift in Sources */,
				33C1A181219AB573003003F5 /* Log.swift in Sources */,
				33AC0D0121D3282A00F52D55 /* Season.Manager.swift in Sources */,
				33C1A1552193C267003003F5 /* DiskStorage.swift in Sources */,
				33900D1A229922F800E653D1 /* StorableTime.swift in Sources */,
				33900D0A2295244A00E653D1 /* AnnualConditions.swift in Sources */,
				33900D102296246F00E653D1 /* Defaults.swift in Sources */,
				338E490D227C0F27007FF826 /* Wind.swift in Sources */,
				338E48F222728534007FF826 /* EditLocDetailTextCell.swift in Sources */,
				33AC0CF721CE18FB00F52D55 /* Season.swift in Sources */,
				33900D0C2295247A00E653D1 /* SeasonalConditions.swift in Sources */,
				33C1A11A2193AD48003003F5 /* AppDelegate.swift in Sources */,
				33F67326237E531600F55861 /* DetailTextFieldDelegate.swift in Sources */,
				338E490B227C0E88007FF826 /* Humidity.swift in Sources */,
				33AC0CEB21CC82E600F52D55 /* Light.swift in Sources */,
				338DBF8C21E983DE006F5BA1 /* IdGenerator.swift in Sources */,
				338E48ED22728317007FF826 /* LocationListViewController.swift in Sources */,
				33900D08229517A500E653D1 /* StorableAction.swift in Sources */,
				33C1A19421C8E277003003F5 /* Date.swift in Sources */,
				33C1A15A219411CD003003F5 /* Location.swift in Sources */,
				33AC0CE921CC82C300F52D55 /* Fertilize.swift in Sources */,
				338E48F6227285E3007FF826 /* EditLocDetailWithSwitchCell.swift in Sources */,
				33C1A19821C8E39D003003F5 /* TimeOfYear.swift in Sources */,
			);
			runOnlyForDeploymentPostprocessing = 0;
		};
		33C1A1282193AD4B003003F5 /* Sources */ = {
			isa = PBXSourcesBuildPhase;
			buildActionMask = 2147483647;
			files = (
				33C1A1312193AD4B003003F5 /* GreenThumbTests.swift in Sources */,
			);
			runOnlyForDeploymentPostprocessing = 0;
		};
		33C1A1332193AD4B003003F5 /* Sources */ = {
			isa = PBXSourcesBuildPhase;
			buildActionMask = 2147483647;
			files = (
				33C1A13C2193AD4B003003F5 /* GreenThumbUITests.swift in Sources */,
			);
			runOnlyForDeploymentPostprocessing = 0;
		};
/* End PBXSourcesBuildPhase section */

/* Begin PBXTargetDependency section */
		33C1A12E2193AD4B003003F5 /* PBXTargetDependency */ = {
			isa = PBXTargetDependency;
			target = 33C1A1152193AD48003003F5 /* GreenThumb */;
			targetProxy = 33C1A12D2193AD4B003003F5 /* PBXContainerItemProxy */;
		};
		33C1A1392193AD4B003003F5 /* PBXTargetDependency */ = {
			isa = PBXTargetDependency;
			target = 33C1A1152193AD48003003F5 /* GreenThumb */;
			targetProxy = 33C1A1382193AD4B003003F5 /* PBXContainerItemProxy */;
		};
/* End PBXTargetDependency section */

/* Begin PBXVariantGroup section */
		33C1A11F2193AD48003003F5 /* Main.storyboard */ = {
			isa = PBXVariantGroup;
			children = (
				33C1A1202193AD48003003F5 /* Base */,
			);
			name = Main.storyboard;
			sourceTree = "<group>";
		};
		33C1A1242193AD4B003003F5 /* LaunchScreen.storyboard */ = {
			isa = PBXVariantGroup;
			children = (
				33C1A1252193AD4B003003F5 /* Base */,
			);
			name = LaunchScreen.storyboard;
			sourceTree = "<group>";
		};
/* End PBXVariantGroup section */

/* Begin XCBuildConfiguration section */
		33C1A13E2193AD4B003003F5 /* Debug */ = {
			isa = XCBuildConfiguration;
			buildSettings = {
				ALWAYS_SEARCH_USER_PATHS = NO;
				CLANG_ANALYZER_NONNULL = YES;
				CLANG_ANALYZER_NUMBER_OBJECT_CONVERSION = YES_AGGRESSIVE;
				CLANG_CXX_LANGUAGE_STANDARD = "gnu++14";
				CLANG_CXX_LIBRARY = "libc++";
				CLANG_ENABLE_MODULES = YES;
				CLANG_ENABLE_OBJC_ARC = YES;
				CLANG_ENABLE_OBJC_WEAK = YES;
				CLANG_WARN_BLOCK_CAPTURE_AUTORELEASING = YES;
				CLANG_WARN_BOOL_CONVERSION = YES;
				CLANG_WARN_COMMA = YES;
				CLANG_WARN_CONSTANT_CONVERSION = YES;
				CLANG_WARN_DEPRECATED_OBJC_IMPLEMENTATIONS = YES;
				CLANG_WARN_DIRECT_OBJC_ISA_USAGE = YES_ERROR;
				CLANG_WARN_DOCUMENTATION_COMMENTS = YES;
				CLANG_WARN_EMPTY_BODY = YES;
				CLANG_WARN_ENUM_CONVERSION = YES;
				CLANG_WARN_INFINITE_RECURSION = YES;
				CLANG_WARN_INT_CONVERSION = YES;
				CLANG_WARN_NON_LITERAL_NULL_CONVERSION = YES;
				CLANG_WARN_OBJC_IMPLICIT_RETAIN_SELF = YES;
				CLANG_WARN_OBJC_LITERAL_CONVERSION = YES;
				CLANG_WARN_OBJC_ROOT_CLASS = YES_ERROR;
				CLANG_WARN_RANGE_LOOP_ANALYSIS = YES;
				CLANG_WARN_STRICT_PROTOTYPES = YES;
				CLANG_WARN_SUSPICIOUS_MOVE = YES;
				CLANG_WARN_UNGUARDED_AVAILABILITY = YES_AGGRESSIVE;
				CLANG_WARN_UNREACHABLE_CODE = YES;
				CLANG_WARN__DUPLICATE_METHOD_MATCH = YES;
				CODE_SIGN_IDENTITY = "iPhone Developer";
				COPY_PHASE_STRIP = NO;
				DEBUG_INFORMATION_FORMAT = dwarf;
				ENABLE_STRICT_OBJC_MSGSEND = YES;
				ENABLE_TESTABILITY = YES;
				GCC_C_LANGUAGE_STANDARD = gnu11;
				GCC_DYNAMIC_NO_PIC = NO;
				GCC_NO_COMMON_BLOCKS = YES;
				GCC_OPTIMIZATION_LEVEL = 0;
				GCC_PREPROCESSOR_DEFINITIONS = (
					"DEBUG=1",
					"$(inherited)",
				);
				GCC_WARN_64_TO_32_BIT_CONVERSION = YES;
				GCC_WARN_ABOUT_RETURN_TYPE = YES_ERROR;
				GCC_WARN_UNDECLARED_SELECTOR = YES;
				GCC_WARN_UNINITIALIZED_AUTOS = YES_AGGRESSIVE;
				GCC_WARN_UNUSED_FUNCTION = YES;
				GCC_WARN_UNUSED_VARIABLE = YES;
				IPHONEOS_DEPLOYMENT_TARGET = 11.4;
				MTL_ENABLE_DEBUG_INFO = YES;
				ONLY_ACTIVE_ARCH = YES;
				SDKROOT = iphoneos;
				SWIFT_ACTIVE_COMPILATION_CONDITIONS = DEBUG;
				SWIFT_OPTIMIZATION_LEVEL = "-Onone";
			};
			name = Debug;
		};
		33C1A13F2193AD4B003003F5 /* Release */ = {
			isa = XCBuildConfiguration;
			buildSettings = {
				ALWAYS_SEARCH_USER_PATHS = NO;
				CLANG_ANALYZER_NONNULL = YES;
				CLANG_ANALYZER_NUMBER_OBJECT_CONVERSION = YES_AGGRESSIVE;
				CLANG_CXX_LANGUAGE_STANDARD = "gnu++14";
				CLANG_CXX_LIBRARY = "libc++";
				CLANG_ENABLE_MODULES = YES;
				CLANG_ENABLE_OBJC_ARC = YES;
				CLANG_ENABLE_OBJC_WEAK = YES;
				CLANG_WARN_BLOCK_CAPTURE_AUTORELEASING = YES;
				CLANG_WARN_BOOL_CONVERSION = YES;
				CLANG_WARN_COMMA = YES;
				CLANG_WARN_CONSTANT_CONVERSION = YES;
				CLANG_WARN_DEPRECATED_OBJC_IMPLEMENTATIONS = YES;
				CLANG_WARN_DIRECT_OBJC_ISA_USAGE = YES_ERROR;
				CLANG_WARN_DOCUMENTATION_COMMENTS = YES;
				CLANG_WARN_EMPTY_BODY = YES;
				CLANG_WARN_ENUM_CONVERSION = YES;
				CLANG_WARN_INFINITE_RECURSION = YES;
				CLANG_WARN_INT_CONVERSION = YES;
				CLANG_WARN_NON_LITERAL_NULL_CONVERSION = YES;
				CLANG_WARN_OBJC_IMPLICIT_RETAIN_SELF = YES;
				CLANG_WARN_OBJC_LITERAL_CONVERSION = YES;
				CLANG_WARN_OBJC_ROOT_CLASS = YES_ERROR;
				CLANG_WARN_RANGE_LOOP_ANALYSIS = YES;
				CLANG_WARN_STRICT_PROTOTYPES = YES;
				CLANG_WARN_SUSPICIOUS_MOVE = YES;
				CLANG_WARN_UNGUARDED_AVAILABILITY = YES_AGGRESSIVE;
				CLANG_WARN_UNREACHABLE_CODE = YES;
				CLANG_WARN__DUPLICATE_METHOD_MATCH = YES;
				CODE_SIGN_IDENTITY = "iPhone Developer";
				COPY_PHASE_STRIP = NO;
				DEBUG_INFORMATION_FORMAT = "dwarf-with-dsym";
				ENABLE_NS_ASSERTIONS = NO;
				ENABLE_STRICT_OBJC_MSGSEND = YES;
				GCC_C_LANGUAGE_STANDARD = gnu11;
				GCC_NO_COMMON_BLOCKS = YES;
				GCC_WARN_64_TO_32_BIT_CONVERSION = YES;
				GCC_WARN_ABOUT_RETURN_TYPE = YES_ERROR;
				GCC_WARN_UNDECLARED_SELECTOR = YES;
				GCC_WARN_UNINITIALIZED_AUTOS = YES_AGGRESSIVE;
				GCC_WARN_UNUSED_FUNCTION = YES;
				GCC_WARN_UNUSED_VARIABLE = YES;
				IPHONEOS_DEPLOYMENT_TARGET = 11.4;
				MTL_ENABLE_DEBUG_INFO = NO;
				SDKROOT = iphoneos;
				SWIFT_COMPILATION_MODE = wholemodule;
				SWIFT_OPTIMIZATION_LEVEL = "-O";
				VALIDATE_PRODUCT = YES;
			};
			name = Release;
		};
		33C1A1412193AD4B003003F5 /* Debug */ = {
			isa = XCBuildConfiguration;
			buildSettings = {
				ASSETCATALOG_COMPILER_APPICON_NAME = AppIcon;
				CODE_SIGN_STYLE = Automatic;
				INFOPLIST_FILE = GreenThumb/Info.plist;
				LD_RUNPATH_SEARCH_PATHS = (
					"$(inherited)",
					"@executable_path/Frameworks",
				);
				PRODUCT_BUNDLE_IDENTIFIER = com.manaroystudio.GreenThumb;
				PRODUCT_NAME = "$(TARGET_NAME)";
				SWIFT_VERSION = 5.0;
				TARGETED_DEVICE_FAMILY = "1,2";
			};
			name = Debug;
		};
		33C1A1422193AD4B003003F5 /* Release */ = {
			isa = XCBuildConfiguration;
			buildSettings = {
				ASSETCATALOG_COMPILER_APPICON_NAME = AppIcon;
				CODE_SIGN_STYLE = Automatic;
				INFOPLIST_FILE = GreenThumb/Info.plist;
				LD_RUNPATH_SEARCH_PATHS = (
					"$(inherited)",
					"@executable_path/Frameworks",
				);
				PRODUCT_BUNDLE_IDENTIFIER = com.manaroystudio.GreenThumb;
				PRODUCT_NAME = "$(TARGET_NAME)";
				SWIFT_VERSION = 5.0;
				TARGETED_DEVICE_FAMILY = "1,2";
			};
			name = Release;
		};
		33C1A1442193AD4B003003F5 /* Debug */ = {
			isa = XCBuildConfiguration;
			buildSettings = {
				ALWAYS_EMBED_SWIFT_STANDARD_LIBRARIES = YES;
				BUNDLE_LOADER = "$(TEST_HOST)";
				CODE_SIGN_STYLE = Automatic;
				INFOPLIST_FILE = GreenThumbTests/Info.plist;
				LD_RUNPATH_SEARCH_PATHS = (
					"$(inherited)",
					"@executable_path/Frameworks",
					"@loader_path/Frameworks",
				);
				PRODUCT_BUNDLE_IDENTIFIER = com.manaroystudio.GreenThumbTests;
				PRODUCT_NAME = "$(TARGET_NAME)";
				SWIFT_VERSION = 5.0;
				TARGETED_DEVICE_FAMILY = "1,2";
				TEST_HOST = "$(BUILT_PRODUCTS_DIR)/GreenThumb.app/GreenThumb";
			};
			name = Debug;
		};
		33C1A1452193AD4B003003F5 /* Release */ = {
			isa = XCBuildConfiguration;
			buildSettings = {
				ALWAYS_EMBED_SWIFT_STANDARD_LIBRARIES = YES;
				BUNDLE_LOADER = "$(TEST_HOST)";
				CODE_SIGN_STYLE = Automatic;
				INFOPLIST_FILE = GreenThumbTests/Info.plist;
				LD_RUNPATH_SEARCH_PATHS = (
					"$(inherited)",
					"@executable_path/Frameworks",
					"@loader_path/Frameworks",
				);
				PRODUCT_BUNDLE_IDENTIFIER = com.manaroystudio.GreenThumbTests;
				PRODUCT_NAME = "$(TARGET_NAME)";
				SWIFT_VERSION = 5.0;
				TARGETED_DEVICE_FAMILY = "1,2";
				TEST_HOST = "$(BUILT_PRODUCTS_DIR)/GreenThumb.app/GreenThumb";
			};
			name = Release;
		};
		33C1A1472193AD4B003003F5 /* Debug */ = {
			isa = XCBuildConfiguration;
			buildSettings = {
				ALWAYS_EMBED_SWIFT_STANDARD_LIBRARIES = YES;
				CODE_SIGN_STYLE = Automatic;
				INFOPLIST_FILE = GreenThumbUITests/Info.plist;
				LD_RUNPATH_SEARCH_PATHS = (
					"$(inherited)",
					"@executable_path/Frameworks",
					"@loader_path/Frameworks",
				);
				PRODUCT_BUNDLE_IDENTIFIER = com.manaroystudio.GreenThumbUITests;
				PRODUCT_NAME = "$(TARGET_NAME)";
				SWIFT_VERSION = 5.0;
				TARGETED_DEVICE_FAMILY = "1,2";
				TEST_TARGET_NAME = GreenThumb;
			};
			name = Debug;
		};
		33C1A1482193AD4B003003F5 /* Release */ = {
			isa = XCBuildConfiguration;
			buildSettings = {
				ALWAYS_EMBED_SWIFT_STANDARD_LIBRARIES = YES;
				CODE_SIGN_STYLE = Automatic;
				INFOPLIST_FILE = GreenThumbUITests/Info.plist;
				LD_RUNPATH_SEARCH_PATHS = (
					"$(inherited)",
					"@executable_path/Frameworks",
					"@loader_path/Frameworks",
				);
				PRODUCT_BUNDLE_IDENTIFIER = com.manaroystudio.GreenThumbUITests;
				PRODUCT_NAME = "$(TARGET_NAME)";
				SWIFT_VERSION = 5.0;
				TARGETED_DEVICE_FAMILY = "1,2";
				TEST_TARGET_NAME = GreenThumb;
			};
			name = Release;
		};
/* End XCBuildConfiguration section */

/* Begin XCConfigurationList section */
		33C1A1112193AD48003003F5 /* Build configuration list for PBXProject "GreenThumb" */ = {
			isa = XCConfigurationList;
			buildConfigurations = (
				33C1A13E2193AD4B003003F5 /* Debug */,
				33C1A13F2193AD4B003003F5 /* Release */,
			);
			defaultConfigurationIsVisible = 0;
			defaultConfigurationName = Release;
		};
		33C1A1402193AD4B003003F5 /* Build configuration list for PBXNativeTarget "GreenThumb" */ = {
			isa = XCConfigurationList;
			buildConfigurations = (
				33C1A1412193AD4B003003F5 /* Debug */,
				33C1A1422193AD4B003003F5 /* Release */,
			);
			defaultConfigurationIsVisible = 0;
			defaultConfigurationName = Release;
		};
		33C1A1432193AD4B003003F5 /* Build configuration list for PBXNativeTarget "GreenThumbTests" */ = {
			isa = XCConfigurationList;
			buildConfigurations = (
				33C1A1442193AD4B003003F5 /* Debug */,
				33C1A1452193AD4B003003F5 /* Release */,
			);
			defaultConfigurationIsVisible = 0;
			defaultConfigurationName = Release;
		};
		33C1A1462193AD4B003003F5 /* Build configuration list for PBXNativeTarget "GreenThumbUITests" */ = {
			isa = XCConfigurationList;
			buildConfigurations = (
				33C1A1472193AD4B003003F5 /* Debug */,
				33C1A1482193AD4B003003F5 /* Release */,
			);
			defaultConfigurationIsVisible = 0;
			defaultConfigurationName = Release;
		};
/* End XCConfigurationList section */
	};
	rootObject = 33C1A10E2193AD48003003F5 /* Project object */;
}
